
Microsoft Visual Studio Solution File, Format Version 12.00
# Visual Studio 2012
Project("{2150E333-8FDC-42A3-9474-1A3956D46DE8}") = "Solution Items", "Solution Items", "{26565B8F-CA26-49D5-A6E5-4A235D118768}"
	ProjectSection(SolutionItems) = preProject
		Local.testsettings = Local.testsettings
		MvcFun.vsmdi = MvcFun.vsmdi
		TraceAndTestImpact.testsettings = TraceAndTestImpact.testsettings
	EndProjectSection
EndProject
Project("{FAE04EC0-301F-11D3-BF4B-00C04F79EFBC}") = "MvcFun", "MvcFun\MvcFun.csproj", "{FFE0EBF6-D332-40C6-A3EF-7FF746658BE7}"
EndProject
Project("{FAE04EC0-301F-11D3-BF4B-00C04F79EFBC}") = "MvcFunTests", "MvcFunTests\MvcFunTests.csproj", "{6E89059D-81A5-48CE-8DCB-02B2080B72BA}"
EndProject
Project("{2150E333-8FDC-42A3-9474-1A3956D46DE8}") = ".nuget", ".nuget", "{AA8A372D-8A00-42DC-A9A1-6E70832E8C03}"
	ProjectSection(SolutionItems) = preProject
		.nuget\NuGet.Config = .nuget\NuGet.Config
		.nuget\NuGet.exe = .nuget\NuGet.exe
		.nuget\NuGet.targets = .nuget\NuGet.targets
	EndProjectSection
EndProject
Global
	GlobalSection(TestCaseManagementSettings) = postSolution
		CategoryFile = MvcFun.vsmdi
	EndGlobalSection
	GlobalSection(SolutionConfigurationPlatforms) = preSolution
		Debug|Any CPU = Debug|Any CPU
		Release|Any CPU = Release|Any CPU
	EndGlobalSection
	GlobalSection(ProjectConfigurationPlatforms) = postSolution
		{FFE0EBF6-D332-40C6-A3EF-7FF746658BE7}.Debug|Any CPU.ActiveCfg = Debug|Any CPU
		{FFE0EBF6-D332-40C6-A3EF-7FF746658BE7}.Debug|Any CPU.Build.0 = Debug|Any CPU
		{FFE0EBF6-D332-40C6-A3EF-7FF746658BE7}.Release|Any CPU.ActiveCfg = Release|Any CPU
		{FFE0EBF6-D332-40C6-A3EF-7FF746658BE7}.Release|Any CPU.Build.0 = Release|Any CPU
		{6E89059D-81A5-48CE-8DCB-02B2080B72BA}.Debug|Any CPU.ActiveCfg = Debug|Any CPU
		{6E89059D-81A5-48CE-8DCB-02B2080B72BA}.Debug|Any CPU.Build.0 = Debug|Any CPU
		{6E89059D-81A5-48CE-8DCB-02B2080B72BA}.Release|Any CPU.ActiveCfg = Release|Any CPU
		{6E89059D-81A5-48CE-8DCB-02B2080B72BA}.Release|Any CPU.Build.0 = Release|Any CPU
	EndGlobalSection
	GlobalSection(SolutionProperties) = preSolution
		HideSolutionNode = FALSE
	EndGlobalSection
EndGlobal
